
Microsoft Visual Studio Solution File, Format Version 12.00
# Visual Studio 15
VisualStudioVersion = 15.0.28307.572
MinimumVisualStudioVersion = 10.0.40219.1
Project("{FAE04EC0-301F-11D3-BF4B-00C04F79EFBC}") = "AddFile", "AddFile\AddFile.csproj", "{E2258662-0440-40B2-B4BB-05C57979C625}"
EndProject
Project("{FAE04EC0-301F-11D3-BF4B-00C04F79EFBC}") = "MapOperation", "MapOperation\MapOperation.csproj", "{F16D57AA-E0EF-4407-9345-C139F13BD7F8}"
EndProject
Project("{FAE04EC0-301F-11D3-BF4B-00C04F79EFBC}") = "Model", "Model\Model.csproj", "{63CE10B0-D1F8-4619-B428-F182831BD473}"
EndProject
Project("{FAE04EC0-301F-11D3-BF4B-00C04F79EFBC}") = "SaveMxd", "SaveMxd\SaveMxd.csproj", "{BD7D70D4-4EBC-402D-B439-8FAA3655EA1D}"
EndProject
Project("{FAE04EC0-301F-11D3-BF4B-00C04F79EFBC}") = "MapViewControl", "MapViewControl\MapViewControl.csproj", "{C6248BC7-DCF4-4942-AE13-C51388004854}"
EndProject
Project("{FAE04EC0-301F-11D3-BF4B-00C04F79EFBC}") = "CommonTools", "CommonTools\CommonTools.csproj", "{98DDFBFB-ED07-4596-8DBA-BD8959B1FAC0}"
EndProject
Project("{FAE04EC0-301F-11D3-BF4B-00C04F79EFBC}") = "Meassure", "Meassure\Meassure.csproj", "{4688C051-5ECE-4AAE-9F4E-5D8B3E5AEFEC}"
EndProject
Global
	GlobalSection(SolutionConfigurationPlatforms) = preSolution
		Debug|Any CPU = Debug|Any CPU
		Release|Any CPU = Release|Any CPU
	EndGlobalSection
	GlobalSection(ProjectConfigurationPlatforms) = postSolution
		{E2258662-0440-40B2-B4BB-05C57979C625}.Debug|Any CPU.ActiveCfg = Debug|Any CPU
		{E2258662-0440-40B2-B4BB-05C57979C625}.Debug|Any CPU.Build.0 = Debug|Any CPU
		{E2258662-0440-40B2-B4BB-05C57979C625}.Release|Any CPU.ActiveCfg = Release|Any CPU
		{E2258662-0440-40B2-B4BB-05C57979C625}.Release|Any CPU.Build.0 = Release|Any CPU
		{F16D57AA-E0EF-4407-9345-C139F13BD7F8}.Debug|Any CPU.ActiveCfg = Debug|Any CPU
		{F16D57AA-E0EF-4407-9345-C139F13BD7F8}.Debug|Any CPU.Build.0 = Debug|Any CPU
		{F16D57AA-E0EF-4407-9345-C139F13BD7F8}.Release|Any CPU.ActiveCfg = Release|Any CPU
		{F16D57AA-E0EF-4407-9345-C139F13BD7F8}.Release|Any CPU.Build.0 = Release|Any CPU
		{63CE10B0-D1F8-4619-B428-F182831BD473}.Debug|Any CPU.ActiveCfg = Debug|Any CPU
		{63CE10B0-D1F8-4619-B428-F182831BD473}.Debug|Any CPU.Build.0 = Debug|Any CPU
		{63CE10B0-D1F8-4619-B428-F182831BD473}.Release|Any CPU.ActiveCfg = Release|Any CPU
		{63CE10B0-D1F8-4619-B428-F182831BD473}.Release|Any CPU.Build.0 = Release|Any CPU
		{BD7D70D4-4EBC-402D-B439-8FAA3655EA1D}.Debug|Any CPU.ActiveCfg = Debug|Any CPU
		{BD7D70D4-4EBC-402D-B439-8FAA3655EA1D}.Debug|Any CPU.Build.0 = Debug|Any CPU
		{BD7D70D4-4EBC-402D-B439-8FAA3655EA1D}.Release|Any CPU.ActiveCfg = Release|Any CPU
		{BD7D70D4-4EBC-402D-B439-8FAA3655EA1D}.Release|Any CPU.Build.0 = Release|Any CPU
		{C6248BC7-DCF4-4942-AE13-C51388004854}.Debug|Any CPU.ActiveCfg = Debug|Any CPU
		{C6248BC7-DCF4-4942-AE13-C51388004854}.Debug|Any CPU.Build.0 = Debug|Any CPU
		{C6248BC7-DCF4-4942-AE13-C51388004854}.Release|Any CPU.ActiveCfg = Release|Any CPU
		{C6248BC7-DCF4-4942-AE13-C51388004854}.Release|Any CPU.Build.0 = Release|Any CPU
		{98DDFBFB-ED07-4596-8DBA-BD8959B1FAC0}.Debug|Any CPU.ActiveCfg = Debug|Any CPU
		{98DDFBFB-ED07-4596-8DBA-BD8959B1FAC0}.Debug|Any CPU.Build.0 = Debug|Any CPU
		{98DDFBFB-ED07-4596-8DBA-BD8959B1FAC0}.Release|Any CPU.ActiveCfg = Release|Any CPU
		{98DDFBFB-ED07-4596-8DBA-BD8959B1FAC0}.Release|Any CPU.Build.0 = Release|Any CPU
		{4688C051-5ECE-4AAE-9F4E-5D8B3E5AEFEC}.Debug|Any CPU.ActiveCfg = Debug|Any CPU
		{4688C051-5ECE-4AAE-9F4E-5D8B3E5AEFEC}.Debug|Any CPU.Build.0 = Debug|Any CPU
		{4688C051-5ECE-4AAE-9F4E-5D8B3E5AEFEC}.Release|Any CPU.ActiveCfg = Release|Any CPU
		{4688C051-5ECE-4AAE-9F4E-5D8B3E5AEFEC}.Release|Any CPU.Build.0 = Release|Any CPU
	EndGlobalSection
	GlobalSection(SolutionProperties) = preSolution
		HideSolutionNode = FALSE
	EndGlobalSection
	GlobalSection(ExtensibilityGlobals) = postSolution
		SolutionGuid = {05F5A557-0D1A-4B1E-959E-07189CEDE630}
	EndGlobalSection
EndGlobal
